
Microsoft Visual Studio Solution File, Format Version 12.00
# Visual Studio Version 16
VisualStudioVersion = 16.0.31410.357
MinimumVisualStudioVersion = 10.0.40219.1
Project("{8BC9CEB8-8B4A-11D0-8D11-00A0C91BC942}") = "video-renderer", "src\video-renderer\video-renderer.vcxproj", "{91822955-88BF-48CC-BF11-C52864ED4F63}"
EndProject
Project("{8BC9CEB8-8B4A-11D0-8D11-00A0C91BC942}") = "video-renderer-demo", "src\video-renderer-demo\video-renderer-demo.vcxproj", "{5A63B056-CEF9-413A-8A46-CDF51ADB4820}"
EndProject
Global
	GlobalSection(SolutionConfigurationPlatforms) = preSolution
		Debug|x64 = Debug|x64
		Debug|x86 = Debug|x86
		Release|x64 = Release|x64
		Release|x86 = Release|x86
	EndGlobalSection
	GlobalSection(ProjectConfigurationPlatforms) = postSolution
		{91822955-88BF-48CC-BF11-C52864ED4F63}.Debug|x64.ActiveCfg = Debug|x64
		{91822955-88BF-48CC-BF11-C52864ED4F63}.Debug|x64.Build.0 = Debug|x64
		{91822955-88BF-48CC-BF11-C52864ED4F63}.Debug|x86.ActiveCfg = Debug|Win32
		{91822955-88BF-48CC-BF11-C52864ED4F63}.Debug|x86.Build.0 = Debug|Win32
		{91822955-88BF-48CC-BF11-C52864ED4F63}.Release|x64.ActiveCfg = Release|x64
		{91822955-88BF-48CC-BF11-C52864ED4F63}.Release|x64.Build.0 = Release|x64
		{91822955-88BF-48CC-BF11-C52864ED4F63}.Release|x86.ActiveCfg = Release|Win32
		{91822955-88BF-48CC-BF11-C52864ED4F63}.Release|x86.Build.0 = Release|Win32
		{5A63B056-CEF9-413A-8A46-CDF51ADB4820}.Debug|x64.ActiveCfg = Debug|x64
		{5A63B056-CEF9-413A-8A46-CDF51ADB4820}.Debug|x64.Build.0 = Debug|x64
		{5A63B056-CEF9-413A-8A46-CDF51ADB4820}.Debug|x86.ActiveCfg = Debug|Win32
		{5A63B056-CEF9-413A-8A46-CDF51ADB4820}.Debug|x86.Build.0 = Debug|Win32
		{5A63B056-CEF9-413A-8A46-CDF51ADB4820}.Release|x64.ActiveCfg = Release|x64
		{5A63B056-CEF9-413A-8A46-CDF51ADB4820}.Release|x64.Build.0 = Release|x64
		{5A63B056-CEF9-413A-8A46-CDF51ADB4820}.Release|x86.ActiveCfg = Release|Win32
		{5A63B056-CEF9-413A-8A46-CDF51ADB4820}.Release|x86.Build.0 = Release|Win32
	EndGlobalSection
	GlobalSection(SolutionProperties) = preSolution
		HideSolutionNode = FALSE
	EndGlobalSection
	GlobalSection(ExtensibilityGlobals) = postSolution
		SolutionGuid = {71629F58-FE66-4D0B-92C7-07E52A74786A}
	EndGlobalSection
EndGlobal
